
Microsoft Visual Studio Solution File, Format Version 12.00
# Visual Studio Version 17
VisualStudioVersion = 17.14.36310.24 d17.14
MinimumVisualStudioVersion = 10.0.40219.1
Project("{FAE04EC0-301F-11D3-BF4B-00C04F79EFBC}") = "RentaFacil.Worker", "RentaFacil.Worker\RentaFacil.Worker.csproj", "{E6F646D8-53FC-4C93-A8F8-F77310F9C41F}"
EndProject
Global
	GlobalSection(SolutionConfigurationPlatforms) = preSolution
		Debug|Any CPU = Debug|Any CPU
		Release|Any CPU = Release|Any CPU
	EndGlobalSection
	GlobalSection(ProjectConfigurationPlatforms) = postSolution
		{E6F646D8-53FC-4C93-A8F8-F77310F9C41F}.Debug|Any CPU.ActiveCfg = Debug|Any CPU
		{E6F646D8-53FC-4C93-A8F8-F77310F9C41F}.Debug|Any CPU.Build.0 = Debug|Any CPU
		{E6F646D8-53FC-4C93-A8F8-F77310F9C41F}.Release|Any CPU.ActiveCfg = Release|Any CPU
		{E6F646D8-53FC-4C93-A8F8-F77310F9C41F}.Release|Any CPU.Build.0 = Release|Any CPU
	EndGlobalSection
	GlobalSection(SolutionProperties) = preSolution
		HideSolutionNode = FALSE
	EndGlobalSection
	GlobalSection(ExtensibilityGlobals) = postSolution
		SolutionGuid = {5FCFBB72-967B-4E29-84C2-CA86FF14D6CC}
	EndGlobalSection
EndGlobal
